github.com/BurntSushi/migration v0.0.0-20140125045755-c45b897f1335 h1:n8o916boOorBHMGywZ+ucvUZRLIvjt2CaY/694CgMfU=
github.com/BurntSushi/migration v0.0.0-20140125045755-c45b897f1335/go.mod h1:eVEKGm5N/F2XPdHocE3gP//Ab+rb/54WJ7XXtFGxwaQ=
github.com/IMQS/cli v0.0.0-20151022082634-156324308096 h1:VffSY+13RAsa1X+AWA7/ftPqMoW76RHL+t4Ys6q43c0=
github.com/IMQS/cli v0.0.0-20151022082634-156324308096/go.mod h1:y2XQLPuROeqlwkjD/fieklY8cTCqFIh5OWNwsgrrwa8=
github.com/IMQS/gowinsvc v0.0.0-20171019081213-88eed8ddfe95 h1:UFPSgk5/RyJWpCTKpuku3lrBCEI8s3ty40Y6TRocgaA=
github.com/IMQS/gowinsvc v0.0.0-20171019081213-88eed8ddfe95/go.mod h1:b69ORxZbSjMy1Jsk8LCZ9JWNo2iIl5VXQVmp3jdKIMY=
github.com/IMQS/gzipresponse v0.0.0-20160722104732-df62d611d085 h1:qSQwotwLBT9VP/R9Frgh0yGdvMolotlyZXqq7vSlB/I=
github.com/IMQS/gzipresponse v0.0.0-20160722104732-df62d611d085/go.mod h1:5aq3uSYsq4isw9BUE0rLUDdv5i75O7fzhj4jGLyrI/w=
github.com/IMQS/log v0.0.0-20190218135500-9a55e07cb744 h1:JH7DVtaHZRa2SMt0c3bTZoAcU+rS6YArXlfGvxmemaU=
github.com/IMQS/log v0.0.0-20190218135500-9a55e07cb744/go.mod h1:Aq/GLUOZ8xRYkwS6yZEg5QwKi3etKMgdkI+UQQQS87U=
github.com/IMQS/log v0.0.0-20190610134251-f890260a8190 h1:KZtkVbCACYAw5fK4jX1EyqcIZsiECh5kwvEr9fOALzw=
github.com/IMQS/log v0.0.0-20190610134251-f890260a8190/go.mod h1:Aq/GLUOZ8xRYkwS6yZEg5QwKi3etKMgdkI+UQQQS87U=
github.com/IMQS/log v1.0.2 h1:YanumvdxccSG+hY+v8VZlB3YBRZWg9N6OAulywB8TYs=
github.com/IMQS/log v1.0.2/go.mod h1:NTJ+eKRXwfBr8tRKA7/JsTKeTqHluJkuZsD7YotVj48=
github.com/IMQS/serviceconfigsgo v0.0.0-20181011085921-596c4358dcd4 h1:0S0NJlDz5BRgmqXAPw9dJxF+/BTrGqIs/9O8mWR2DHw=
github.com/IMQS/serviceconfigsgo v0.0.0-20181011085921-596c4358dcd4/go.mod h1:Sal40iFTM7BqULDKrOwKuAV4swyPeCk1jWxx5zMsJsI=
github.com/IMQS/serviceconfigsgo v1.0.1 h1:esfbNq4C1yS178msNDNZx/t5UhXnCp7YA6Ggxgu1/Ag=
github.com/IMQS/serviceconfigsgo v1.0.1/go.mod h1:O6YTvG5CC8Vg5cBgXpRkEevFCzWgVl/dh2GR7IQSr+c=
github.com/julienschmidt/httprouter v1.2.0 h1:TDTW5Yz1mjftljbcKqRcrYhd4XeOoI98t+9HbQbYf7g=
github.com/julienschmidt/httprouter v1.2.0/go.mod h1:SYymIcj16QtmaHHD7aYtjjsJG7VTCxuUUipMqKk8s4w=
github.com/lib/pq v1.0.0 h1:X5PMW56eZitiTeO7tKzZxFCSpbFZJtkMMooicw2us9A=
github.com/lib/pq v1.0.0/go.mod h1:5WUZQaWbwv1U+lTReE5YruASi9Al49XbQIvNi/34Woo=
github.com/natefinch/lumberjack v0.0.0-20170911000000-aee462912944 h1:5mm6nUfBxgHGLAa08qAIWieosY5Oz9snyXK8Zia4+A4=
github.com/natefinch/lumberjack v0.0.0-20170911000000-aee462912944/go.mod h1:Wi9p2TTF5DG5oU+6YfsmYQpsTIOm0B1VNzQg9Mw6nPk=
github.com/natefinch/lumberjack v2.0.0+incompatible h1:4QJd3OLAMgj7ph+yZTuX13Ld4UpgHp07nNdFX7mqFfM=
github.com/natefinch/lumberjack v2.0.0+incompatible/go.mod h1:Wi9p2TTF5DG5oU+6YfsmYQpsTIOm0B1VNzQg9Mw6nPk=
github.com/pierrec/xxHash v0.1.5 h1:n/jBpwTHiER4xYvK3/CdPVnLDPchj8eTJFFLUb4QHBo=
github.com/pierrec/xxHash v0.1.5/go.mod h1:w2waW5Zoa/Wc4Yqe0wgrIYAGKqRMf7czn2HNKXmuL+I=
